
Microsoft Visual Studio Solution File, Format Version 10.00
# Visual Studio 2008
Project("{8BC9CEB8-8B4A-11D0-8D11-00A0C91BC942}") = "pthread-win32", "pthreads\pthread-win32.vcproj", "{CE4CD8F8-E5AB-46F6-ACF3-167687C47C9F}"
EndProject
Project("{8BC9CEB8-8B4A-11D0-8D11-00A0C91BC942}") = "libao", "libao\libao.vcproj", "{75E224E3-6A99-4C8F-9598-9A6F115B91F2}"
EndProject
Project("{8BC9CEB8-8B4A-11D0-8D11-00A0C91BC942}") = "libmad", "libmad\libmad.vcproj", "{7DDFB46B-0754-450D-9A7A-4B982E40367D}"
EndProject
Project("{2150E333-8FDC-42A3-9474-1A3956D46DE8}") = "Compatibility Headers", "Compatibility Headers", "{BCA6FEF2-ADE5-4FE0-9BA0-DF9339AB9E52}"
	ProjectSection(SolutionItems) = preProject
		compatibility\stdbool.h = compatibility\stdbool.h
		compatibility\stdint.h = compatibility\stdint.h
		compatibility\unistd.h = compatibility\unistd.h
	EndProjectSection
EndProject
Project("{8BC9CEB8-8B4A-11D0-8D11-00A0C91BC942}") = "pianobar", "pianobar\pianobar.vcproj", "{D3B44180-848B-4A1F-9176-9891A87876BF}"
	ProjectSection(ProjectDependencies) = postProject
		{F0B7D905-BD81-4998-8386-333389BE15DE} = {F0B7D905-BD81-4998-8386-333389BE15DE}
		{4F001038-5DD8-4E07-A6DE-4D0DD4A6DF60} = {4F001038-5DD8-4E07-A6DE-4D0DD4A6DF60}
		{65AB4E50-81EF-4BC4-BBA4-8EC4315ADA3F} = {65AB4E50-81EF-4BC4-BBA4-8EC4315ADA3F}
		{7DDFB46B-0754-450D-9A7A-4B982E40367D} = {7DDFB46B-0754-450D-9A7A-4B982E40367D}
		{75E224E3-6A99-4C8F-9598-9A6F115B91F2} = {75E224E3-6A99-4C8F-9598-9A6F115B91F2}
		{CE4CD8F8-E5AB-46F6-ACF3-167687C47C9F} = {CE4CD8F8-E5AB-46F6-ACF3-167687C47C9F}
	EndProjectSection
EndProject
Project("{8BC9CEB8-8B4A-11D0-8D11-00A0C91BC942}") = "blowfish", "blowfish\blowfish.vcproj", "{F0B7D905-BD81-4998-8386-333389BE15DE}"
EndProject
Project("{8BC9CEB8-8B4A-11D0-8D11-00A0C91BC942}") = "json-c", "json-c\json-c.vcproj", "{65AB4E50-81EF-4BC4-BBA4-8EC4315ADA3F}"
EndProject
Project("{8BC9CEB8-8B4A-11D0-8D11-00A0C91BC942}") = "polarssl", "polarssl\polarssl.vcproj", "{4F001038-5DD8-4E07-A6DE-4D0DD4A6DF60}"
EndProject
Global
	GlobalSection(SolutionConfigurationPlatforms) = preSolution
		Debug|Win32 = Debug|Win32
		Release|Win32 = Release|Win32
	EndGlobalSection
	GlobalSection(ProjectConfigurationPlatforms) = postSolution
		{CE4CD8F8-E5AB-46F6-ACF3-167687C47C9F}.Debug|Win32.ActiveCfg = Debug|Win32
		{CE4CD8F8-E5AB-46F6-ACF3-167687C47C9F}.Debug|Win32.Build.0 = Debug|Win32
		{CE4CD8F8-E5AB-46F6-ACF3-167687C47C9F}.Release|Win32.ActiveCfg = Release|Win32
		{CE4CD8F8-E5AB-46F6-ACF3-167687C47C9F}.Release|Win32.Build.0 = Release|Win32
		{75E224E3-6A99-4C8F-9598-9A6F115B91F2}.Debug|Win32.ActiveCfg = Debug|Win32
		{75E224E3-6A99-4C8F-9598-9A6F115B91F2}.Debug|Win32.Build.0 = Debug|Win32
		{75E224E3-6A99-4C8F-9598-9A6F115B91F2}.Release|Win32.ActiveCfg = Release|Win32
		{75E224E3-6A99-4C8F-9598-9A6F115B91F2}.Release|Win32.Build.0 = Release|Win32
		{7DDFB46B-0754-450D-9A7A-4B982E40367D}.Debug|Win32.ActiveCfg = Debug|Win32
		{7DDFB46B-0754-450D-9A7A-4B982E40367D}.Debug|Win32.Build.0 = Debug|Win32
		{7DDFB46B-0754-450D-9A7A-4B982E40367D}.Release|Win32.ActiveCfg = Release|Win32
		{7DDFB46B-0754-450D-9A7A-4B982E40367D}.Release|Win32.Build.0 = Release|Win32
		{D3B44180-848B-4A1F-9176-9891A87876BF}.Debug|Win32.ActiveCfg = Debug|Win32
		{D3B44180-848B-4A1F-9176-9891A87876BF}.Debug|Win32.Build.0 = Debug|Win32
		{D3B44180-848B-4A1F-9176-9891A87876BF}.Release|Win32.ActiveCfg = Release|Win32
		{D3B44180-848B-4A1F-9176-9891A87876BF}.Release|Win32.Build.0 = Release|Win32
		{F0B7D905-BD81-4998-8386-333389BE15DE}.Debug|Win32.ActiveCfg = Debug|Win32
		{F0B7D905-BD81-4998-8386-333389BE15DE}.Debug|Win32.Build.0 = Debug|Win32
		{F0B7D905-BD81-4998-8386-333389BE15DE}.Release|Win32.ActiveCfg = Release|Win32
		{F0B7D905-BD81-4998-8386-333389BE15DE}.Release|Win32.Build.0 = Release|Win32
		{65AB4E50-81EF-4BC4-BBA4-8EC4315ADA3F}.Debug|Win32.ActiveCfg = Debug|Win32
		{65AB4E50-81EF-4BC4-BBA4-8EC4315ADA3F}.Debug|Win32.Build.0 = Debug|Win32
		{65AB4E50-81EF-4BC4-BBA4-8EC4315ADA3F}.Release|Win32.ActiveCfg = Release|Win32
		{65AB4E50-81EF-4BC4-BBA4-8EC4315ADA3F}.Release|Win32.Build.0 = Release|Win32
		{4F001038-5DD8-4E07-A6DE-4D0DD4A6DF60}.Debug|Win32.ActiveCfg = Debug|Win32
		{4F001038-5DD8-4E07-A6DE-4D0DD4A6DF60}.Debug|Win32.Build.0 = Debug|Win32
		{4F001038-5DD8-4E07-A6DE-4D0DD4A6DF60}.Release|Win32.ActiveCfg = Release|Win32
		{4F001038-5DD8-4E07-A6DE-4D0DD4A6DF60}.Release|Win32.Build.0 = Release|Win32
	EndGlobalSection
	GlobalSection(SolutionProperties) = preSolution
		HideSolutionNode = FALSE
	EndGlobalSection
EndGlobal
