<?xml version="1.0" encoding="utf-8"?>
<Project ToolsVersion="4.0" xmlns="http://schemas.microsoft.com/developer/msbuild/2003">
  <ItemGroup>
    <Filter Include="include">
      <UniqueIdentifier>{3a19fdc3-6df5-4400-b261-99ce258b4112}</UniqueIdentifier>
    </Filter>
    <Filter Include="src">
      <UniqueIdentifier>{e7061adc-6595-41d4-b2a0-1dfdb96907bc}</UniqueIdentifier>
    </Filter>
  </ItemGroup>
  <ItemGroup>
    <ClInclude Include="src\config.h">
      <Filter>include</Filter>
    </ClInclude>
    <ClInclude Include="src\implement.h">
      <Filter>include</Filter>
    </ClInclude>
    <ClInclude Include="src\need_errno.h">
      <Filter>include</Filter>
    </ClInclude>
    <ClInclude Include="src\pthread.h">
      <Filter>include</Filter>
    </ClInclude>
    <ClInclude Include="src\semaphore.h">
      <Filter>include</Filter>
    </ClInclude>
  </ItemGroup>
  <ItemGroup>
    <ClCompile Include="src\pthread.c">
      <Filter>src</Filter>
    </ClCompile>
  </ItemGroup>
</Project>