<?xml version="1.0" encoding="utf-8"?>
<Project ToolsVersion="4.0" xmlns="http://schemas.microsoft.com/developer/msbuild/2003">
  <ItemGroup>
    <Filter Include="Source Files">
      <UniqueIdentifier>{2b5a1e2c-8cb3-480e-bae0-384018b6b528}</UniqueIdentifier>
      <Extensions>cpp;c;cxx;rc;def;r;odl;idl;hpj;bat</Extensions>
    </Filter>
    <Filter Include="Header Files">
      <UniqueIdentifier>{d5aecf1e-07e8-4718-8db2-78800a98d9f4}</UniqueIdentifier>
      <Extensions>h;hpp;hxx;hm;inl</Extensions>
    </Filter>
    <Filter Include="Header Files\codebook">
      <UniqueIdentifier>{e29d8d90-0143-444b-ab09-c5f35c5726b1}</UniqueIdentifier>
    </Filter>
  </ItemGroup>
  <ItemGroup>
    <ClCompile Include="src\libfaad\bits.c">
      <Filter>Source Files</Filter>
    </ClCompile>
    <ClCompile Include="src\libfaad\cfft.c">
      <Filter>Source Files</Filter>
    </ClCompile>
    <ClCompile Include="src\libfaad\common.c">
      <Filter>Source Files</Filter>
    </ClCompile>
    <ClCompile Include="src\libfaad\decoder.c">
      <Filter>Source Files</Filter>
    </ClCompile>
    <ClCompile Include="src\libfaad\drc.c">
      <Filter>Source Files</Filter>
    </ClCompile>
    <ClCompile Include="src\libfaad\drm_dec.c">
      <Filter>Source Files</Filter>
    </ClCompile>
    <ClCompile Include="src\libfaad\error.c">
      <Filter>Source Files</Filter>
    </ClCompile>
    <ClCompile Include="src\libfaad\filtbank.c">
      <Filter>Source Files</Filter>
    </ClCompile>
    <ClCompile Include="src\libfaad\hcr.c">
      <Filter>Source Files</Filter>
    </ClCompile>
    <ClCompile Include="src\libfaad\huffman.c">
      <Filter>Source Files</Filter>
    </ClCompile>
    <ClCompile Include="src\libfaad\ic_predict.c">
      <Filter>Source Files</Filter>
    </ClCompile>
    <ClCompile Include="src\libfaad\is.c">
      <Filter>Source Files</Filter>
    </ClCompile>
    <ClCompile Include="src\libfaad\lt_predict.c">
      <Filter>Source Files</Filter>
    </ClCompile>
    <ClCompile Include="src\libfaad\mdct.c">
      <Filter>Source Files</Filter>
    </ClCompile>
    <ClCompile Include="src\libfaad\mp4.c">
      <Filter>Source Files</Filter>
    </ClCompile>
    <ClCompile Include="src\libfaad\ms.c">
      <Filter>Source Files</Filter>
    </ClCompile>
    <ClCompile Include="src\libfaad\output.c">
      <Filter>Source Files</Filter>
    </ClCompile>
    <ClCompile Include="src\libfaad\pns.c">
      <Filter>Source Files</Filter>
    </ClCompile>
    <ClCompile Include="src\libfaad\ps_dec.c">
      <Filter>Source Files</Filter>
    </ClCompile>
    <ClCompile Include="src\libfaad\ps_syntax.c">
      <Filter>Source Files</Filter>
    </ClCompile>
    <ClCompile Include="src\libfaad\pulse.c">
      <Filter>Source Files</Filter>
    </ClCompile>
    <ClCompile Include="src\libfaad\rvlc.c">
      <Filter>Source Files</Filter>
    </ClCompile>
    <ClCompile Include="src\libfaad\sbr_dct.c">
      <Filter>Source Files</Filter>
    </ClCompile>
    <ClCompile Include="src\libfaad\sbr_dec.c">
      <Filter>Source Files</Filter>
    </ClCompile>
    <ClCompile Include="src\libfaad\sbr_e_nf.c">
      <Filter>Source Files</Filter>
    </ClCompile>
    <ClCompile Include="src\libfaad\sbr_fbt.c">
      <Filter>Source Files</Filter>
    </ClCompile>
    <ClCompile Include="src\libfaad\sbr_hfadj.c">
      <Filter>Source Files</Filter>
    </ClCompile>
    <ClCompile Include="src\libfaad\sbr_hfgen.c">
      <Filter>Source Files</Filter>
    </ClCompile>
    <ClCompile Include="src\libfaad\sbr_huff.c">
      <Filter>Source Files</Filter>
    </ClCompile>
    <ClCompile Include="src\libfaad\sbr_qmf.c">
      <Filter>Source Files</Filter>
    </ClCompile>
    <ClCompile Include="src\libfaad\sbr_syntax.c">
      <Filter>Source Files</Filter>
    </ClCompile>
    <ClCompile Include="src\libfaad\sbr_tf_grid.c">
      <Filter>Source Files</Filter>
    </ClCompile>
    <ClCompile Include="src\libfaad\specrec.c">
      <Filter>Source Files</Filter>
    </ClCompile>
    <ClCompile Include="src\libfaad\ssr.c">
      <Filter>Source Files</Filter>
    </ClCompile>
    <ClCompile Include="src\libfaad\ssr_fb.c">
      <Filter>Source Files</Filter>
    </ClCompile>
    <ClCompile Include="src\libfaad\ssr_ipqf.c">
      <Filter>Source Files</Filter>
    </ClCompile>
    <ClCompile Include="src\libfaad\syntax.c">
      <Filter>Source Files</Filter>
    </ClCompile>
    <ClCompile Include="src\libfaad\tns.c">
      <Filter>Source Files</Filter>
    </ClCompile>
  </ItemGroup>
  <ItemGroup>
    <ClInclude Include="src\libfaad\analysis.h">
      <Filter>Header Files</Filter>
    </ClInclude>
    <ClInclude Include="src\libfaad\bits.h">
      <Filter>Header Files</Filter>
    </ClInclude>
    <ClInclude Include="src\libfaad\cfft.h">
      <Filter>Header Files</Filter>
    </ClInclude>
    <ClInclude Include="src\libfaad\cfft_tab.h">
      <Filter>Header Files</Filter>
    </ClInclude>
    <ClInclude Include="src\libfaad\common.h">
      <Filter>Header Files</Filter>
    </ClInclude>
    <ClInclude Include="src\libfaad\decoder.h">
      <Filter>Header Files</Filter>
    </ClInclude>
    <ClInclude Include="src\libfaad\drc.h">
      <Filter>Header Files</Filter>
    </ClInclude>
    <ClInclude Include="src\libfaad\drm_dec.h">
      <Filter>Header Files</Filter>
    </ClInclude>
    <ClInclude Include="src\libfaad\error.h">
      <Filter>Header Files</Filter>
    </ClInclude>
    <ClInclude Include="src\libfaad\filtbank.h">
      <Filter>Header Files</Filter>
    </ClInclude>
    <ClInclude Include="src\libfaad\fixed.h">
      <Filter>Header Files</Filter>
    </ClInclude>
    <ClInclude Include="src\libfaad\codebook\hcb.h">
      <Filter>Header Files</Filter>
    </ClInclude>
    <ClInclude Include="src\libfaad\huffman.h">
      <Filter>Header Files</Filter>
    </ClInclude>
    <ClInclude Include="src\libfaad\ic_predict.h">
      <Filter>Header Files</Filter>
    </ClInclude>
    <ClInclude Include="src\libfaad\iq_table.h">
      <Filter>Header Files</Filter>
    </ClInclude>
    <ClInclude Include="src\libfaad\is.h">
      <Filter>Header Files</Filter>
    </ClInclude>
    <ClInclude Include="src\libfaad\kbd_win.h">
      <Filter>Header Files</Filter>
    </ClInclude>
    <ClInclude Include="src\libfaad\lt_predict.h">
      <Filter>Header Files</Filter>
    </ClInclude>
    <ClInclude Include="src\libfaad\mdct.h">
      <Filter>Header Files</Filter>
    </ClInclude>
    <ClInclude Include="src\libfaad\mp4.h">
      <Filter>Header Files</Filter>
    </ClInclude>
    <ClInclude Include="src\libfaad\ms.h">
      <Filter>Header Files</Filter>
    </ClInclude>
    <ClInclude Include="src\libfaad\output.h">
      <Filter>Header Files</Filter>
    </ClInclude>
    <ClInclude Include="src\libfaad\pns.h">
      <Filter>Header Files</Filter>
    </ClInclude>
    <ClInclude Include="src\libfaad\ps_dec.h">
      <Filter>Header Files</Filter>
    </ClInclude>
    <ClInclude Include="src\libfaad\ps_tables.h">
      <Filter>Header Files</Filter>
    </ClInclude>
    <ClInclude Include="src\libfaad\pulse.h">
      <Filter>Header Files</Filter>
    </ClInclude>
    <ClInclude Include="src\libfaad\rvlc.h">
      <Filter>Header Files</Filter>
    </ClInclude>
    <ClInclude Include="src\libfaad\sbr_dct.h">
      <Filter>Header Files</Filter>
    </ClInclude>
    <ClInclude Include="src\libfaad\sbr_dec.h">
      <Filter>Header Files</Filter>
    </ClInclude>
    <ClInclude Include="src\libfaad\sbr_e_nf.h">
      <Filter>Header Files</Filter>
    </ClInclude>
    <ClInclude Include="src\libfaad\sbr_fbt.h">
      <Filter>Header Files</Filter>
    </ClInclude>
    <ClInclude Include="src\libfaad\sbr_hfadj.h">
      <Filter>Header Files</Filter>
    </ClInclude>
    <ClInclude Include="src\libfaad\sbr_hfgen.h">
      <Filter>Header Files</Filter>
    </ClInclude>
    <ClInclude Include="src\libfaad\sbr_huff.h">
      <Filter>Header Files</Filter>
    </ClInclude>
    <ClInclude Include="src\libfaad\sbr_noise.h">
      <Filter>Header Files</Filter>
    </ClInclude>
    <ClInclude Include="src\libfaad\sbr_qmf.h">
      <Filter>Header Files</Filter>
    </ClInclude>
    <ClInclude Include="src\libfaad\sbr_syntax.h">
      <Filter>Header Files</Filter>
    </ClInclude>
    <ClInclude Include="src\libfaad\sbr_tf_grid.h">
      <Filter>Header Files</Filter>
    </ClInclude>
    <ClInclude Include="src\libfaad\sine_win.h">
      <Filter>Header Files</Filter>
    </ClInclude>
    <ClInclude Include="src\libfaad\specrec.h">
      <Filter>Header Files</Filter>
    </ClInclude>
    <ClInclude Include="src\libfaad\ssr.h">
      <Filter>Header Files</Filter>
    </ClInclude>
    <ClInclude Include="src\libfaad\structs.h">
      <Filter>Header Files</Filter>
    </ClInclude>
    <ClInclude Include="src\libfaad\syntax.h">
      <Filter>Header Files</Filter>
    </ClInclude>
    <ClInclude Include="src\libfaad\tns.h">
      <Filter>Header Files</Filter>
    </ClInclude>
    <ClInclude Include="src\libfaad\codebook\hcb_1.h">
      <Filter>Header Files\codebook</Filter>
    </ClInclude>
    <ClInclude Include="src\libfaad\codebook\hcb_10.h">
      <Filter>Header Files\codebook</Filter>
    </ClInclude>
    <ClInclude Include="src\libfaad\codebook\hcb_11.h">
      <Filter>Header Files\codebook</Filter>
    </ClInclude>
    <ClInclude Include="src\libfaad\codebook\hcb_2.h">
      <Filter>Header Files\codebook</Filter>
    </ClInclude>
    <ClInclude Include="src\libfaad\codebook\hcb_3.h">
      <Filter>Header Files\codebook</Filter>
    </ClInclude>
    <ClInclude Include="src\libfaad\codebook\hcb_4.h">
      <Filter>Header Files\codebook</Filter>
    </ClInclude>
    <ClInclude Include="src\libfaad\codebook\hcb_5.h">
      <Filter>Header Files\codebook</Filter>
    </ClInclude>
    <ClInclude Include="src\libfaad\codebook\hcb_6.h">
      <Filter>Header Files\codebook</Filter>
    </ClInclude>
    <ClInclude Include="src\libfaad\codebook\hcb_7.h">
      <Filter>Header Files\codebook</Filter>
    </ClInclude>
    <ClInclude Include="src\libfaad\codebook\hcb_8.h">
      <Filter>Header Files\codebook</Filter>
    </ClInclude>
    <ClInclude Include="src\libfaad\codebook\hcb_9.h">
      <Filter>Header Files\codebook</Filter>
    </ClInclude>
    <ClInclude Include="src\libfaad\codebook\hcb_sf.h">
      <Filter>Header Files\codebook</Filter>
    </ClInclude>
  </ItemGroup>
</Project>